<?xml version="1.0" encoding="utf-8"?>
<Project ToolsVersion="4.0" xmlns="http://schemas.microsoft.com/developer/msbuild/2003">
  <ItemGroup>
    <ClCompile Include="AbstractScene.h" />
    <ClCompile Include="Card_Deck.cpp" />
    <ClCompile Include="GameMainScene.cpp" />
    <ClCompile Include="Hand.cpp" />
    <ClCompile Include="KeyManager.cpp" />
    <ClCompile Include="Main.cpp" />
    <ClCompile Include="PadInput.cpp" />
    <ClCompile Include="Pokemon.cpp" />
    <ClCompile Include="Items.cpp" />
    <ClCompile Include="KeyManager.cpp" />
    <ClCompile Include="Main.cpp" />
    <ClCompile Include="PadInput.cpp" />
    <ClCompile Include="Pokemon.cpp" />
    <ClCompile Include="SceneManager.cpp" />
    <ClCompile Include="Goods.cpp" />
    <ClCompile Include="Side.cpp" />
    <ClCompile Include="Sup.cpp" />
    <ClCompile Include="Title.cpp" />
    <ClCompile Include="Field.cpp" />
  </ItemGroup>
  <ItemGroup>
    <ClInclude Include="Card_Deck.h" />
    <ClInclude Include="common.h" />
    <ClInclude Include="Field.h" />
    <ClInclude Include="GameMainScene.h" />
    <ClInclude Include="Hand.h" />
    <ClInclude Include="KeyManager.h" />
    <ClInclude Include="PadInput.h" />
    <ClInclude Include="Pokemon.h" />
    <ClInclude Include="Items.h" />
    <ClInclude Include="KeyManager.h" />
    <ClInclude Include="PadInput.h" />
    <ClInclude Include="Pokemon.h" />
    <ClInclude Include="SceneManager.h" />
    <ClInclude Include="Goods.h" />
    <ClInclude Include="Side.h" />
    <ClInclude Include="Sup.h" />
    <ClInclude Include="Title.h" />
  </ItemGroup>
</Project>